// !$*UTF8*$!
{
	archiveVersion = 1;
	classes = {
	};
	objectVersion = 46;
	objects = {

/* Begin PBXBuildFile section */
		957213E3168B860E0080C501 /* foo.jpg in Resources */ = {isa = PBXBuildFile; fileRef = 957213E2168B860E0080C501 /* foo.jpg */; };
		95F0F8DA1550F4FC00276F9D /* UIKit.framework in Frameworks */ = {isa = PBXBuildFile; fileRef = 95F0F8D91550F4FC00276F9D /* UIKit.framework */; };
		95F0F8DC1550F4FC00276F9D /* Foundation.framework in Frameworks */ = {isa = PBXBuildFile; fileRef = 95F0F8DB1550F4FC00276F9D /* Foundation.framework */; };
		95F0F8DE1550F4FC00276F9D /* CoreGraphics.framework in Frameworks */ = {isa = PBXBuildFile; fileRef = 95F0F8DD1550F4FC00276F9D /* CoreGraphics.framework */; };
		95F0F8E41550F4FC00276F9D /* InfoPlist.strings in Resources */ = {isa = PBXBuildFile; fileRef = 95F0F8E21550F4FC00276F9D /* InfoPlist.strings */; };
		95F0F8E61550F4FC00276F9D /* main.m in Sources */ = {isa = PBXBuildFile; fileRef = 95F0F8E51550F4FC00276F9D /* main.m */; };
		95F0F8EA1550F4FC00276F9D /* BBJAppDelegate.m in Sources */ = {isa = PBXBuildFile; fileRef = 95F0F8E91550F4FC00276F9D /* BBJAppDelegate.m */; };
		95F0F8F21550F4FC00276F9D /* SenTestingKit.framework in Frameworks */ = {isa = PBXBuildFile; fileRef = 95F0F8F11550F4FC00276F9D /* SenTestingKit.framework */; };
		95F0F8F31550F4FC00276F9D /* UIKit.framework in Frameworks */ = {isa = PBXBuildFile; fileRef = 95F0F8D91550F4FC00276F9D /* UIKit.framework */; };
		95F0F8F41550F4FC00276F9D /* Foundation.framework in Frameworks */ = {isa = PBXBuildFile; fileRef = 95F0F8DB1550F4FC00276F9D /* Foundation.framework */; };
		95F0F8FC1550F4FC00276F9D /* InfoPlist.strings in Resources */ = {isa = PBXBuildFile; fileRef = 95F0F8FA1550F4FC00276F9D /* InfoPlist.strings */; };
		95F0F8FF1550F4FC00276F9D /* FlashFlowTests.m in Sources */ = {isa = PBXBuildFile; fileRef = 95F0F8FE1550F4FC00276F9D /* FlashFlowTests.m */; };
		95F0F9091550F52B00276F9D /* Storyboard.storyboard in Resources */ = {isa = PBXBuildFile; fileRef = 95F0F9081550F52B00276F9D /* Storyboard.storyboard */; };
		95F0F90E1550F8FA00276F9D /* FFMainViewController.m in Sources */ = {isa = PBXBuildFile; fileRef = 95F0F90D1550F8FA00276F9D /* FFMainViewController.m */; };
		95F0F9111550FC4B00276F9D /* BBJLocationManager.m in Sources */ = {isa = PBXBuildFile; fileRef = 95F0F9101550FC4B00276F9D /* BBJLocationManager.m */; };
		95F0F93D1551121B00276F9D /* CoreLocation.framework in Frameworks */ = {isa = PBXBuildFile; fileRef = 95F0F93C1551121B00276F9D /* CoreLocation.framework */; };
/* End PBXBuildFile section */

/* Begin PBXContainerItemProxy section */
		95F0F8F51550F4FC00276F9D /* PBXContainerItemProxy */ = {
			isa = PBXContainerItemProxy;
			containerPortal = 95F0F8CC1550F4FC00276F9D /* Project object */;
			proxyType = 1;
			remoteGlobalIDString = 95F0F8D41550F4FC00276F9D;
			remoteInfo = FlashFlow;
		};
/* End PBXContainerItemProxy section */

/* Begin PBXFileReference section */
		957213E2168B860E0080C501 /* foo.jpg */ = {isa = PBXFileReference; lastKnownFileType = image.jpeg; path = foo.jpg; sourceTree = "<group>"; };
		95F0F8D51550F4FC00276F9D /* FlashFlow.app */ = {isa = PBXFileReference; explicitFileType = wrapper.application; includeInIndex = 0; path = FlashFlow.app; sourceTree = BUILT_PRODUCTS_DIR; };
		95F0F8D91550F4FC00276F9D /* UIKit.framework */ = {isa = PBXFileReference; lastKnownFileType = wrapper.framework; name = UIKit.framework; path = System/Library/Frameworks/UIKit.framework; sourceTree = SDKROOT; };
		95F0F8DB1550F4FC00276F9D /* Foundation.framework */ = {isa = PBXFileReference; lastKnownFileType = wrapper.framework; name = Foundation.framework; path = System/Library/Frameworks/Foundation.framework; sourceTree = SDKROOT; };
		95F0F8DD1550F4FC00276F9D /* CoreGraphics.framework */ = {isa = PBXFileReference; lastKnownFileType = wrapper.framework; name = CoreGraphics.framework; path = System/Library/Frameworks/CoreGraphics.framework; sourceTree = SDKROOT; };
		95F0F8E11550F4FC00276F9D /* FlashFlow-Info.plist */ = {isa = PBXFileReference; lastKnownFileType = text.plist.xml; path = "FlashFlow-Info.plist"; sourceTree = "<group>"; };
		95F0F8E31550F4FC00276F9D /* en */ = {isa = PBXFileReference; lastKnownFileType = text.plist.strings; name = en; path = en.lproj/InfoPlist.strings; sourceTree = "<group>"; };
		95F0F8E51550F4FC00276F9D /* main.m */ = {isa = PBXFileReference; lastKnownFileType = sourcecode.c.objc; path = main.m; sourceTree = "<group>"; };
		95F0F8E71550F4FC00276F9D /* FlashFlow-Prefix.pch */ = {isa = PBXFileReference; lastKnownFileType = sourcecode.c.h; path = "FlashFlow-Prefix.pch"; sourceTree = "<group>"; };
		95F0F8E81550F4FC00276F9D /* BBJAppDelegate.h */ = {isa = PBXFileReference; lastKnownFileType = sourcecode.c.h; path = BBJAppDelegate.h; sourceTree = "<group>"; };
		95F0F8E91550F4FC00276F9D /* BBJAppDelegate.m */ = {isa = PBXFileReference; lastKnownFileType = sourcecode.c.objc; path = BBJAppDelegate.m; sourceTree = "<group>"; };
		95F0F8F01550F4FC00276F9D /* FlashFlowTests.octest */ = {isa = PBXFileReference; explicitFileType = wrapper.cfbundle; includeInIndex = 0; path = FlashFlowTests.octest; sourceTree = BUILT_PRODUCTS_DIR; };
		95F0F8F11550F4FC00276F9D /* SenTestingKit.framework */ = {isa = PBXFileReference; lastKnownFileType = wrapper.framework; name = SenTestingKit.framework; path = Library/Frameworks/SenTestingKit.framework; sourceTree = DEVELOPER_DIR; };
		95F0F8F91550F4FC00276F9D /* FlashFlowTests-Info.plist */ = {isa = PBXFileReference; lastKnownFileType = text.plist.xml; path = "FlashFlowTests-Info.plist"; sourceTree = "<group>"; };
		95F0F8FB1550F4FC00276F9D /* en */ = {isa = PBXFileReference; lastKnownFileType = text.plist.strings; name = en; path = en.lproj/InfoPlist.strings; sourceTree = "<group>"; };
		95F0F8FD1550F4FC00276F9D /* FlashFlowTests.h */ = {isa = PBXFileReference; lastKnownFileType = sourcecode.c.h; path = FlashFlowTests.h; sourceTree = "<group>"; };
		95F0F8FE1550F4FC00276F9D /* FlashFlowTests.m */ = {isa = PBXFileReference; lastKnownFileType = sourcecode.c.objc; path = FlashFlowTests.m; sourceTree = "<group>"; };
		95F0F9081550F52B00276F9D /* Storyboard.storyboard */ = {isa = PBXFileReference; fileEncoding = 4; lastKnownFileType = file.storyboard; path = Storyboard.storyboard; sourceTree = "<group>"; };
		95F0F90C1550F8FA00276F9D /* FFMainViewController.h */ = {isa = PBXFileReference; fileEncoding = 4; lastKnownFileType = sourcecode.c.h; path = FFMainViewController.h; sourceTree = "<group>"; };
		95F0F90D1550F8FA00276F9D /* FFMainViewController.m */ = {isa = PBXFileReference; fileEncoding = 4; lastKnownFileType = sourcecode.c.objc; path = FFMainViewController.m; sourceTree = "<group>"; };
		95F0F90F1550FC4B00276F9D /* BBJLocationManager.h */ = {isa = PBXFileReference; fileEncoding = 4; lastKnownFileType = sourcecode.c.h; path = BBJLocationManager.h; sourceTree = "<group>"; };
		95F0F9101550FC4B00276F9D /* BBJLocationManager.m */ = {isa = PBXFileReference; fileEncoding = 4; lastKnownFileType = sourcecode.c.objc; path = BBJLocationManager.m; sourceTree = "<group>"; };
		95F0F93C1551121B00276F9D /* CoreLocation.framework */ = {isa = PBXFileReference; lastKnownFileType = wrapper.framework; name = CoreLocation.framework; path = System/Library/Frameworks/CoreLocation.framework; sourceTree = SDKROOT; };
/* End PBXFileReference section */

/* Begin PBXFrameworksBuildPhase section */
		95F0F8D21550F4FC00276F9D /* Frameworks */ = {
			isa = PBXFrameworksBuildPhase;
			buildActionMask = 2147483647;
			files = (
				95F0F93D1551121B00276F9D /* CoreLocation.framework in Frameworks */,
				95F0F8DA1550F4FC00276F9D /* UIKit.framework in Frameworks */,
				95F0F8DC1550F4FC00276F9D /* Foundation.framework in Frameworks */,
				95F0F8DE1550F4FC00276F9D /* CoreGraphics.framework in Frameworks */,
			);
			runOnlyForDeploymentPostprocessing = 0;
		};
		95F0F8EC1550F4FC00276F9D /* Frameworks */ = {
			isa = PBXFrameworksBuildPhase;
			buildActionMask = 2147483647;
			files = (
				95F0F8F21550F4FC00276F9D /* SenTestingKit.framework in Frameworks */,
				95F0F8F31550F4FC00276F9D /* UIKit.framework in Frameworks */,
				95F0F8F41550F4FC00276F9D /* Foundation.framework in Frameworks */,
			);
			runOnlyForDeploymentPostprocessing = 0;
		};
/* End PBXFrameworksBuildPhase section */

/* Begin PBXGroup section */
		95F0F8CA1550F4FC00276F9D = {
			isa = PBXGroup;
			children = (
				95F0F93C1551121B00276F9D /* CoreLocation.framework */,
				95F0F8DF1550F4FC00276F9D /* FlashFlow */,
				95F0F8F71550F4FC00276F9D /* FlashFlowTests */,
				95F0F8D81550F4FC00276F9D /* Frameworks */,
				95F0F8D61550F4FC00276F9D /* Products */,
			);
			sourceTree = "<group>";
		};
		95F0F8D61550F4FC00276F9D /* Products */ = {
			isa = PBXGroup;
			children = (
				95F0F8D51550F4FC00276F9D /* FlashFlow.app */,
				95F0F8F01550F4FC00276F9D /* FlashFlowTests.octest */,
			);
			name = Products;
			sourceTree = "<group>";
		};
		95F0F8D81550F4FC00276F9D /* Frameworks */ = {
			isa = PBXGroup;
			children = (
				95F0F8D91550F4FC00276F9D /* UIKit.framework */,
				95F0F8DB1550F4FC00276F9D /* Foundation.framework */,
				95F0F8DD1550F4FC00276F9D /* CoreGraphics.framework */,
				95F0F8F11550F4FC00276F9D /* SenTestingKit.framework */,
			);
			name = Frameworks;
			sourceTree = "<group>";
		};
		95F0F8DF1550F4FC00276F9D /* FlashFlow */ = {
			isa = PBXGroup;
			children = (
				95F0F8E81550F4FC00276F9D /* BBJAppDelegate.h */,
				95F0F8E91550F4FC00276F9D /* BBJAppDelegate.m */,
				95F0F8E01550F4FC00276F9D /* Supporting Files */,
				95F0F9081550F52B00276F9D /* Storyboard.storyboard */,
				95F0F90C1550F8FA00276F9D /* FFMainViewController.h */,
				95F0F90D1550F8FA00276F9D /* FFMainViewController.m */,
				95F0F90F1550FC4B00276F9D /* BBJLocationManager.h */,
				95F0F9101550FC4B00276F9D /* BBJLocationManager.m */,
				957213E2168B860E0080C501 /* foo.jpg */,
			);
			path = FlashFlow;
			sourceTree = "<group>";
		};
		95F0F8E01550F4FC00276F9D /* Supporting Files */ = {
			isa = PBXGroup;
			children = (
				95F0F8E11550F4FC00276F9D /* FlashFlow-Info.plist */,
				95F0F8E21550F4FC00276F9D /* InfoPlist.strings */,
				95F0F8E51550F4FC00276F9D /* main.m */,
				95F0F8E71550F4FC00276F9D /* FlashFlow-Prefix.pch */,
			);
			name = "Supporting Files";
			sourceTree = "<group>";
		};
		95F0F8F71550F4FC00276F9D /* FlashFlowTests */ = {
			isa = PBXGroup;
			children = (
				95F0F8FD1550F4FC00276F9D /* FlashFlowTests.h */,
				95F0F8FE1550F4FC00276F9D /* FlashFlowTests.m */,
				95F0F8F81550F4FC00276F9D /* Supporting Files */,
			);
			path = FlashFlowTests;
			sourceTree = "<group>";
		};
		95F0F8F81550F4FC00276F9D /* Supporting Files */ = {
			isa = PBXGroup;
			children = (
				95F0F8F91550F4FC00276F9D /* FlashFlowTests-Info.plist */,
				95F0F8FA1550F4FC00276F9D /* InfoPlist.strings */,
			);
			name = "Supporting Files";
			sourceTree = "<group>";
		};
/* End PBXGroup section */

/* Begin PBXNativeTarget section */
		95F0F8D41550F4FC00276F9D /* FlashFlow */ = {
			isa = PBXNativeTarget;
			buildConfigurationList = 95F0F9021550F4FC00276F9D /* Build configuration list for PBXNativeTarget "FlashFlow" */;
			buildPhases = (
				95F0F8D11550F4FC00276F9D /* Sources */,
				95F0F8D21550F4FC00276F9D /* Frameworks */,
				95F0F8D31550F4FC00276F9D /* Resources */,
			);
			buildRules = (
			);
			dependencies = (
			);
			name = FlashFlow;
			productName = FlashFlow;
			productReference = 95F0F8D51550F4FC00276F9D /* FlashFlow.app */;
			productType = "com.apple.product-type.application";
		};
		95F0F8EF1550F4FC00276F9D /* FlashFlowTests */ = {
			isa = PBXNativeTarget;
			buildConfigurationList = 95F0F9051550F4FC00276F9D /* Build configuration list for PBXNativeTarget "FlashFlowTests" */;
			buildPhases = (
				95F0F8EB1550F4FC00276F9D /* Sources */,
				95F0F8EC1550F4FC00276F9D /* Frameworks */,
				95F0F8ED1550F4FC00276F9D /* Resources */,
				95F0F8EE1550F4FC00276F9D /* ShellScript */,
			);
			buildRules = (
			);
			dependencies = (
				95F0F8F61550F4FC00276F9D /* PBXTargetDependency */,
			);
			name = FlashFlowTests;
			productName = FlashFlowTests;
			productReference = 95F0F8F01550F4FC00276F9D /* FlashFlowTests.octest */;
			productType = "com.apple.product-type.bundle";
		};
/* End PBXNativeTarget section */

/* Begin PBXProject section */
		95F0F8CC1550F4FC00276F9D /* Project object */ = {
			isa = PBXProject;
			attributes = {
				CLASSPREFIX = BBJ;
				LastUpgradeCheck = 0430;
			};
			buildConfigurationList = 95F0F8CF1550F4FC00276F9D /* Build configuration list for PBXProject "FlashFlow" */;
			compatibilityVersion = "Xcode 3.2";
			developmentRegion = English;
			hasScannedForEncodings = 0;
			knownRegions = (
				en,
			);
			mainGroup = 95F0F8CA1550F4FC00276F9D;
			productRefGroup = 95F0F8D61550F4FC00276F9D /* Products */;
			projectDirPath = "";
			projectRoot = "";
			targets = (
				95F0F8D41550F4FC00276F9D /* FlashFlow */,
				95F0F8EF1550F4FC00276F9D /* FlashFlowTests */,
			);
		};
/* End PBXProject section */

/* Begin PBXResourcesBuildPhase section */
		95F0F8D31550F4FC00276F9D /* Resources */ = {
			isa = PBXResourcesBuildPhase;
			buildActionMask = 2147483647;
			files = (
				95F0F8E41550F4FC00276F9D /* InfoPlist.strings in Resources */,
				95F0F9091550F52B00276F9D /* Storyboard.storyboard in Resources */,
				957213E3168B860E0080C501 /* foo.jpg in Resources */,
			);
			runOnlyForDeploymentPostprocessing = 0;
		};
		95F0F8ED1550F4FC00276F9D /* Resources */ = {
			isa = PBXResourcesBuildPhase;
			buildActionMask = 2147483647;
			files = (
				95F0F8FC1550F4FC00276F9D /* InfoPlist.strings in Resources */,
			);
			runOnlyForDeploymentPostprocessing = 0;
		};
/* End PBXResourcesBuildPhase section */

/* Begin PBXShellScriptBuildPhase section */
		95F0F8EE1550F4FC00276F9D /* ShellScript */ = {
			isa = PBXShellScriptBuildPhase;
			buildActionMask = 2147483647;
			files = (
			);
			inputPaths = (
			);
			outputPaths = (
			);
			runOnlyForDeploymentPostprocessing = 0;
			shellPath = /bin/sh;
			shellScript = "# Run the unit tests in this test bundle.\n\"${SYSTEM_DEVELOPER_DIR}/Tools/RunUnitTests\"\n";
		};
/* End PBXShellScriptBuildPhase section */

/* Begin PBXSourcesBuildPhase section */
		95F0F8D11550F4FC00276F9D /* Sources */ = {
			isa = PBXSourcesBuildPhase;
			buildActionMask = 2147483647;
			files = (
				95F0F8E61550F4FC00276F9D /* main.m in Sources */,
				95F0F8EA1550F4FC00276F9D /* BBJAppDelegate.m in Sources */,
				95F0F90E1550F8FA00276F9D /* FFMainViewController.m in Sources */,
				95F0F9111550FC4B00276F9D /* BBJLocationManager.m in Sources */,
			);
			runOnlyForDeploymentPostprocessing = 0;
		};
		95F0F8EB1550F4FC00276F9D /* Sources */ = {
			isa = PBXSourcesBuildPhase;
			buildActionMask = 2147483647;
			files = (
				95F0F8FF1550F4FC00276F9D /* FlashFlowTests.m in Sources */,
			);
			runOnlyForDeploymentPostprocessing = 0;
		};
/* End PBXSourcesBuildPhase section */

/* Begin PBXTargetDependency section */
		95F0F8F61550F4FC00276F9D /* PBXTargetDependency */ = {
			isa = PBXTargetDependency;
			target = 95F0F8D41550F4FC00276F9D /* FlashFlow */;
			targetProxy = 95F0F8F51550F4FC00276F9D /* PBXContainerItemProxy */;
		};
/* End PBXTargetDependency section */

/* Begin PBXVariantGroup section */
		95F0F8E21550F4FC00276F9D /* InfoPlist.strings */ = {
			isa = PBXVariantGroup;
			children = (
				95F0F8E31550F4FC00276F9D /* en */,
			);
			name = InfoPlist.strings;
			sourceTree = "<group>";
		};
		95F0F8FA1550F4FC00276F9D /* InfoPlist.strings */ = {
			isa = PBXVariantGroup;
			children = (
				95F0F8FB1550F4FC00276F9D /* en */,
			);
			name = InfoPlist.strings;
			sourceTree = "<group>";
		};
/* End PBXVariantGroup section */

/* Begin XCBuildConfiguration section */
		95F0F9001550F4FC00276F9D /* Debug */ = {
			isa = XCBuildConfiguration;
			buildSettings = {
				ALWAYS_SEARCH_USER_PATHS = NO;
				ARCHS = "$(ARCHS_STANDARD_32_BIT)";
				CLANG_ENABLE_OBJC_ARC = YES;
				"CODE_SIGN_IDENTITY[sdk=iphoneos*]" = "iPhone Developer";
				COPY_PHASE_STRIP = NO;
				GCC_C_LANGUAGE_STANDARD = gnu99;
				GCC_DYNAMIC_NO_PIC = NO;
				GCC_OPTIMIZATION_LEVEL = 0;
				GCC_PREPROCESSOR_DEFINITIONS = (
					"DEBUG=1",
					"$(inherited)",
				);
				GCC_SYMBOLS_PRIVATE_EXTERN = NO;
				GCC_VERSION = com.apple.compilers.llvm.clang.1_0;
				GCC_WARN_ABOUT_RETURN_TYPE = YES;
				GCC_WARN_UNINITIALIZED_AUTOS = YES;
				GCC_WARN_UNUSED_VARIABLE = YES;
				IPHONEOS_DEPLOYMENT_TARGET = 5.1;
				SDKROOT = iphoneos;
			};
			name = Debug;
		};
		95F0F9011550F4FC00276F9D /* Release */ = {
			isa = XCBuildConfiguration;
			buildSettings = {
				ALWAYS_SEARCH_USER_PATHS = NO;
				ARCHS = "$(ARCHS_STANDARD_32_BIT)";
				CLANG_ENABLE_OBJC_ARC = YES;
				"CODE_SIGN_IDENTITY[sdk=iphoneos*]" = "iPhone Developer";
				COPY_PHASE_STRIP = YES;
				GCC_C_LANGUAGE_STANDARD = gnu99;
				GCC_VERSION = com.apple.compilers.llvm.clang.1_0;
				GCC_WARN_ABOUT_RETURN_TYPE = YES;
				GCC_WARN_UNINITIALIZED_AUTOS = YES;
				GCC_WARN_UNUSED_VARIABLE = YES;
				IPHONEOS_DEPLOYMENT_TARGET = 5.1;
				OTHER_CFLAGS = "-DNS_BLOCK_ASSERTIONS=1";
				SDKROOT = iphoneos;
				VALIDATE_PRODUCT = YES;
			};
			name = Release;
		};
		95F0F9031550F4FC00276F9D /* Debug */ = {
			isa = XCBuildConfiguration;
			buildSettings = {
				GCC_PRECOMPILE_PREFIX_HEADER = YES;
				GCC_PREFIX_HEADER = "FlashFlow/FlashFlow-Prefix.pch";
				INFOPLIST_FILE = "FlashFlow/FlashFlow-Info.plist";
				PRODUCT_NAME = "$(TARGET_NAME)";
				WRAPPER_EXTENSION = app;
			};
			name = Debug;
		};
		95F0F9041550F4FC00276F9D /* Release */ = {
			isa = XCBuildConfiguration;
			buildSettings = {
				GCC_PRECOMPILE_PREFIX_HEADER = YES;
				GCC_PREFIX_HEADER = "FlashFlow/FlashFlow-Prefix.pch";
				INFOPLIST_FILE = "FlashFlow/FlashFlow-Info.plist";
				PRODUCT_NAME = "$(TARGET_NAME)";
				WRAPPER_EXTENSION = app;
			};
			name = Release;
		};
		95F0F9061550F4FC00276F9D /* Debug */ = {
			isa = XCBuildConfiguration;
			buildSettings = {
				BUNDLE_LOADER = "$(BUILT_PRODUCTS_DIR)/FlashFlow.app/FlashFlow";
				FRAMEWORK_SEARCH_PATHS = (
					"$(SDKROOT)/Developer/Library/Frameworks",
					"$(DEVELOPER_LIBRARY_DIR)/Frameworks",
				);
				GCC_PRECOMPILE_PREFIX_HEADER = YES;
				GCC_PREFIX_HEADER = "FlashFlow/FlashFlow-Prefix.pch";
				INFOPLIST_FILE = "FlashFlowTests/FlashFlowTests-Info.plist";
				PRODUCT_NAME = "$(TARGET_NAME)";
				TEST_HOST = "$(BUNDLE_LOADER)";
				WRAPPER_EXTENSION = octest;
			};
			name = Debug;
		};
		95F0F9071550F4FC00276F9D /* Release */ = {
			isa = XCBuildConfiguration;
			buildSettings = {
				BUNDLE_LOADER = "$(BUILT_PRODUCTS_DIR)/FlashFlow.app/FlashFlow";
				FRAMEWORK_SEARCH_PATHS = (
					"$(SDKROOT)/Developer/Library/Frameworks",
					"$(DEVELOPER_LIBRARY_DIR)/Frameworks",
				);
				GCC_PRECOMPILE_PREFIX_HEADER = YES;
				GCC_PREFIX_HEADER = "FlashFlow/FlashFlow-Prefix.pch";
				INFOPLIST_FILE = "FlashFlowTests/FlashFlowTests-Info.plist";
				PRODUCT_NAME = "$(TARGET_NAME)";
				TEST_HOST = "$(BUNDLE_LOADER)";
				WRAPPER_EXTENSION = octest;
			};
			name = Release;
		};
/* End XCBuildConfiguration section */

/* Begin XCConfigurationList section */
		95F0F8CF1550F4FC00276F9D /* Build configuration list for PBXProject "FlashFlow" */ = {
			isa = XCConfigurationList;
			buildConfigurations = (
				95F0F9001550F4FC00276F9D /* Debug */,
				95F0F9011550F4FC00276F9D /* Release */,
			);
			defaultConfigurationIsVisible = 0;
			defaultConfigurationName = Release;
		};
		95F0F9021550F4FC00276F9D /* Build configuration list for PBXNativeTarget "FlashFlow" */ = {
			isa = XCConfigurationList;
			buildConfigurations = (
				95F0F9031550F4FC00276F9D /* Debug */,
				95F0F9041550F4FC00276F9D /* Release */,
			);
			defaultConfigurationIsVisible = 0;
			defaultConfigurationName = Release;
		};
		95F0F9051550F4FC00276F9D /* Build configuration list for PBXNativeTarget "FlashFlowTests" */ = {
			isa = XCConfigurationList;
			buildConfigurations = (
				95F0F9061550F4FC00276F9D /* Debug */,
				95F0F9071550F4FC00276F9D /* Release */,
			);
			defaultConfigurationIsVisible = 0;
			defaultConfigurationName = Release;
		};
/* End XCConfigurationList section */
	};
	rootObject = 95F0F8CC1550F4FC00276F9D /* Project object */;
}
